// !$*UTF8*$!
{
	archiveVersion = 1;
	classes = {
	};
	objectVersion = 56;
	objects = {

/* Begin PBXBuildFile section */
		F7220C982C3C454000DCC48E /* CategoryRow.swift in Sources */ = {isa = PBXBuildFile; fileRef = F7220C972C3C453F00DCC48E /* CategoryRow.swift */; };
		F7220C9C2C3C504800DCC48E /* Font.swift in Sources */ = {isa = PBXBuildFile; fileRef = F7220C9B2C3C504800DCC48E /* Font.swift */; };
		F7220C9F2C3C56D500DCC48E /* CategoryStatus.swift in Sources */ = {isa = PBXBuildFile; fileRef = F7220C9E2C3C56D500DCC48E /* CategoryStatus.swift */; };
		F7220CA32C3C572300DCC48E /* FallbackCase.swift in Sources */ = {isa = PBXBuildFile; fileRef = F7220CA22C3C572300DCC48E /* FallbackCase.swift */; };
		F7220CA72C3C5F2F00DCC48E /* IfLetShadow.swift in Sources */ = {isa = PBXBuildFile; fileRef = F7220CA62C3C5F2F00DCC48E /* IfLetShadow.swift */; };
		F7220CAA2C3D053200DCC48E /* FactView.swift in Sources */ = {isa = PBXBuildFile; fileRef = F7220CA92C3D053200DCC48E /* FactView.swift */; };
		F72B451C2C3D8DAE009CE4D9 /* UINavigationController.swift in Sources */ = {isa = PBXBuildFile; fileRef = F72B451B2C3D8DAE009CE4D9 /* UINavigationController.swift */; };
		F72B451E2C3D8E5F009CE4D9 /* View.swift in Sources */ = {isa = PBXBuildFile; fileRef = F72B451D2C3D8E5F009CE4D9 /* View.swift */; };
		F72B45262C3DA77E009CE4D9 /* PTSans-Regular.ttf in Resources */ = {isa = PBXBuildFile; fileRef = F72B45252C3DA77E009CE4D9 /* PTSans-Regular.ttf */; };
		F72B45282C3E4EC9009CE4D9 /* DeviceOrientationObserver.swift in Sources */ = {isa = PBXBuildFile; fileRef = F72B45272C3E4EC9009CE4D9 /* DeviceOrientationObserver.swift */; };
		F72B452A2C3E5C56009CE4D9 /* IfLetLandscape.swift in Sources */ = {isa = PBXBuildFile; fileRef = F72B45292C3E5C56009CE4D9 /* IfLetLandscape.swift */; };
		F72B452D2C3E6A12009CE4D9 /* ComposableArchitecture in Frameworks */ = {isa = PBXBuildFile; productRef = F72B452C2C3E6A12009CE4D9 /* ComposableArchitecture */; };
		F72B452F2C3E6BC4009CE4D9 /* CategoriesList.swift in Sources */ = {isa = PBXBuildFile; fileRef = F72B452E2C3E6BC4009CE4D9 /* CategoriesList.swift */; };
		F72B45312C3E7163009CE4D9 /* FactFeature.swift in Sources */ = {isa = PBXBuildFile; fileRef = F72B45302C3E7163009CE4D9 /* FactFeature.swift */; };
		F798EFCB2C3C3D0F00A3DF77 /* PromovaTestTaskApp.swift in Sources */ = {isa = PBXBuildFile; fileRef = F798EFCA2C3C3D0F00A3DF77 /* PromovaTestTaskApp.swift */; };
		F798EFCD2C3C3D0F00A3DF77 /* CategoriesListView.swift in Sources */ = {isa = PBXBuildFile; fileRef = F798EFCC2C3C3D0F00A3DF77 /* CategoriesListView.swift */; };
		F798EFCF2C3C3D1000A3DF77 /* Assets.xcassets in Resources */ = {isa = PBXBuildFile; fileRef = F798EFCE2C3C3D1000A3DF77 /* Assets.xcassets */; };
		F798EFD22C3C3D1000A3DF77 /* Preview Assets.xcassets in Resources */ = {isa = PBXBuildFile; fileRef = F798EFD12C3C3D1000A3DF77 /* Preview Assets.xcassets */; };
/* End PBXBuildFile section */

/* Begin PBXFileReference section */
		F7220C972C3C453F00DCC48E /* CategoryRow.swift */ = {isa = PBXFileReference; lastKnownFileType = sourcecode.swift; path = CategoryRow.swift; sourceTree = "<group>"; };
		F7220C9B2C3C504800DCC48E /* Font.swift */ = {isa = PBXFileReference; lastKnownFileType = sourcecode.swift; path = Font.swift; sourceTree = "<group>"; };
		F7220C9E2C3C56D500DCC48E /* CategoryStatus.swift */ = {isa = PBXFileReference; lastKnownFileType = sourcecode.swift; path = CategoryStatus.swift; sourceTree = "<group>"; };
		F7220CA22C3C572300DCC48E /* FallbackCase.swift */ = {isa = PBXFileReference; lastKnownFileType = sourcecode.swift; path = FallbackCase.swift; sourceTree = "<group>"; };
		F7220CA62C3C5F2F00DCC48E /* IfLetShadow.swift */ = {isa = PBXFileReference; lastKnownFileType = sourcecode.swift; path = IfLetShadow.swift; sourceTree = "<group>"; };
		F7220CA92C3D053200DCC48E /* FactView.swift */ = {isa = PBXFileReference; lastKnownFileType = sourcecode.swift; path = FactView.swift; sourceTree = "<group>"; };
		F72B451B2C3D8DAE009CE4D9 /* UINavigationController.swift */ = {isa = PBXFileReference; lastKnownFileType = sourcecode.swift; path = UINavigationController.swift; sourceTree = "<group>"; };
		F72B451D2C3D8E5F009CE4D9 /* View.swift */ = {isa = PBXFileReference; lastKnownFileType = sourcecode.swift; path = View.swift; sourceTree = "<group>"; };
		F72B45222C3DA75A009CE4D9 /* Info.plist */ = {isa = PBXFileReference; lastKnownFileType = text.plist.xml; path = Info.plist; sourceTree = "<group>"; };
		F72B45252C3DA77E009CE4D9 /* PTSans-Regular.ttf */ = {isa = PBXFileReference; lastKnownFileType = file; path = "PTSans-Regular.ttf"; sourceTree = "<group>"; };
		F72B45272C3E4EC9009CE4D9 /* DeviceOrientationObserver.swift */ = {isa = PBXFileReference; lastKnownFileType = sourcecode.swift; path = DeviceOrientationObserver.swift; sourceTree = "<group>"; };
		F72B45292C3E5C56009CE4D9 /* IfLetLandscape.swift */ = {isa = PBXFileReference; lastKnownFileType = sourcecode.swift; path = IfLetLandscape.swift; sourceTree = "<group>"; };
		F72B452E2C3E6BC4009CE4D9 /* CategoriesList.swift */ = {isa = PBXFileReference; lastKnownFileType = sourcecode.swift; path = CategoriesList.swift; sourceTree = "<group>"; };
		F72B45302C3E7163009CE4D9 /* FactFeature.swift */ = {isa = PBXFileReference; lastKnownFileType = sourcecode.swift; path = FactFeature.swift; sourceTree = "<group>"; };
		F798EFC72C3C3D0F00A3DF77 /* PromovaTestTask.app */ = {isa = PBXFileReference; explicitFileType = wrapper.application; includeInIndex = 0; path = PromovaTestTask.app; sourceTree = BUILT_PRODUCTS_DIR; };
		F798EFCA2C3C3D0F00A3DF77 /* PromovaTestTaskApp.swift */ = {isa = PBXFileReference; lastKnownFileType = sourcecode.swift; path = PromovaTestTaskApp.swift; sourceTree = "<group>"; };
		F798EFCC2C3C3D0F00A3DF77 /* CategoriesListView.swift */ = {isa = PBXFileReference; lastKnownFileType = sourcecode.swift; path = CategoriesListView.swift; sourceTree = "<group>"; };
		F798EFCE2C3C3D1000A3DF77 /* Assets.xcassets */ = {isa = PBXFileReference; lastKnownFileType = folder.assetcatalog; path = Assets.xcassets; sourceTree = "<group>"; };
		F798EFD12C3C3D1000A3DF77 /* Preview Assets.xcassets */ = {isa = PBXFileReference; lastKnownFileType = folder.assetcatalog; path = "Preview Assets.xcassets"; sourceTree = "<group>"; };
/* End PBXFileReference section */

/* Begin PBXFrameworksBuildPhase section */
		F798EFC42C3C3D0F00A3DF77 /* Frameworks */ = {
			isa = PBXFrameworksBuildPhase;
			buildActionMask = 2147483647;
			files = (
				F72B452D2C3E6A12009CE4D9 /* ComposableArchitecture in Frameworks */,
			);
			runOnlyForDeploymentPostprocessing = 0;
		};
/* End PBXFrameworksBuildPhase section */

/* Begin PBXGroup section */
		F7220C962C3C452B00DCC48E /* Views */ = {
			isa = PBXGroup;
			children = (
				F7220C972C3C453F00DCC48E /* CategoryRow.swift */,
			);
			path = Views;
			sourceTree = "<group>";
		};
		F7220C992C3C503300DCC48E /* Extensions */ = {
			isa = PBXGroup;
			children = (
				F72B451A2C3D8D73009CE4D9 /* UIKit */,
				F7220C9A2C3C503C00DCC48E /* SwiftUI */,
			);
			path = Extensions;
			sourceTree = "<group>";
		};
		F7220C9A2C3C503C00DCC48E /* SwiftUI */ = {
			isa = PBXGroup;
			children = (
				F7220C9B2C3C504800DCC48E /* Font.swift */,
				F72B451D2C3D8E5F009CE4D9 /* View.swift */,
			);
			path = SwiftUI;
			sourceTree = "<group>";
		};
		F7220C9D2C3C56C800DCC48E /* Models */ = {
			isa = PBXGroup;
			children = (
				F7220C9E2C3C56D500DCC48E /* CategoryStatus.swift */,
			);
			path = Models;
			sourceTree = "<group>";
		};
		F7220CA02C3C56F500DCC48E /* Core */ = {
			isa = PBXGroup;
			children = (
				F7220CA52C3C5F1900DCC48E /* ViewModifiers */,
				F7220CA22C3C572300DCC48E /* FallbackCase.swift */,
				F72B45272C3E4EC9009CE4D9 /* DeviceOrientationObserver.swift */,
			);
			path = Core;
			sourceTree = "<group>";
		};
		F7220CA52C3C5F1900DCC48E /* ViewModifiers */ = {
			isa = PBXGroup;
			children = (
				F7220CA62C3C5F2F00DCC48E /* IfLetShadow.swift */,
				F72B45292C3E5C56009CE4D9 /* IfLetLandscape.swift */,
			);
			path = ViewModifiers;
			sourceTree = "<group>";
		};
		F7220CA82C3D051400DCC48E /* Facts */ = {
			isa = PBXGroup;
			children = (
				F72B45302C3E7163009CE4D9 /* FactFeature.swift */,
				F7220CA92C3D053200DCC48E /* FactView.swift */,
			);
			path = Facts;
			sourceTree = "<group>";
		};
		F72B451A2C3D8D73009CE4D9 /* UIKit */ = {
			isa = PBXGroup;
			children = (
				F72B451B2C3D8DAE009CE4D9 /* UINavigationController.swift */,
			);
			path = UIKit;
			sourceTree = "<group>";
		};
		F72B45232C3DA765009CE4D9 /* Resources */ = {
			isa = PBXGroup;
			children = (
				F72B45242C3DA76D009CE4D9 /* Fonts */,
				F798EFCE2C3C3D1000A3DF77 /* Assets.xcassets */,
				F72B45222C3DA75A009CE4D9 /* Info.plist */,
			);
			path = Resources;
			sourceTree = "<group>";
		};
		F72B45242C3DA76D009CE4D9 /* Fonts */ = {
			isa = PBXGroup;
			children = (
				F72B45252C3DA77E009CE4D9 /* PTSans-Regular.ttf */,
			);
			path = Fonts;
			sourceTree = "<group>";
		};
		F798EFBE2C3C3D0F00A3DF77 = {
			isa = PBXGroup;
			children = (
				F798EFC92C3C3D0F00A3DF77 /* PromovaTestTask */,
				F798EFC82C3C3D0F00A3DF77 /* Products */,
			);
			sourceTree = "<group>";
		};
		F798EFC82C3C3D0F00A3DF77 /* Products */ = {
			isa = PBXGroup;
			children = (
				F798EFC72C3C3D0F00A3DF77 /* PromovaTestTask.app */,
			);
			name = Products;
			sourceTree = "<group>";
		};
		F798EFC92C3C3D0F00A3DF77 /* PromovaTestTask */ = {
			isa = PBXGroup;
			children = (
				F798EFCA2C3C3D0F00A3DF77 /* PromovaTestTaskApp.swift */,
				F7220CA02C3C56F500DCC48E /* Core */,
				F7220C992C3C503300DCC48E /* Extensions */,
				F7220C9D2C3C56C800DCC48E /* Models */,
				F798EFD92C3C432300A3DF77 /* Modules */,
				F72B45232C3DA765009CE4D9 /* Resources */,
				F798EFD02C3C3D1000A3DF77 /* Preview Content */,
			);
			path = PromovaTestTask;
			sourceTree = "<group>";
		};
		F798EFD02C3C3D1000A3DF77 /* Preview Content */ = {
			isa = PBXGroup;
			children = (
				F798EFD12C3C3D1000A3DF77 /* Preview Assets.xcassets */,
			);
			path = "Preview Content";
			sourceTree = "<group>";
		};
		F798EFD82C3C42BA00A3DF77 /* Categories */ = {
			isa = PBXGroup;
			children = (
				F7220C962C3C452B00DCC48E /* Views */,
				F72B452E2C3E6BC4009CE4D9 /* CategoriesList.swift */,
				F798EFCC2C3C3D0F00A3DF77 /* CategoriesListView.swift */,
			);
			path = Categories;
			sourceTree = "<group>";
		};
		F798EFD92C3C432300A3DF77 /* Modules */ = {
			isa = PBXGroup;
			children = (
				F798EFD82C3C42BA00A3DF77 /* Categories */,
				F7220CA82C3D051400DCC48E /* Facts */,
			);
			path = Modules;
			sourceTree = "<group>";
		};
/* End PBXGroup section */

/* Begin PBXNativeTarget section */
		F798EFC62C3C3D0F00A3DF77 /* PromovaTestTask */ = {
			isa = PBXNativeTarget;
			buildConfigurationList = F798EFD52C3C3D1000A3DF77 /* Build configuration list for PBXNativeTarget "PromovaTestTask" */;
			buildPhases = (
				F798EFC32C3C3D0F00A3DF77 /* Sources */,
				F798EFC42C3C3D0F00A3DF77 /* Frameworks */,
				F798EFC52C3C3D0F00A3DF77 /* Resources */,
			);
			buildRules = (
			);
			dependencies = (
			);
			name = PromovaTestTask;
			packageProductDependencies = (
				F72B452C2C3E6A12009CE4D9 /* ComposableArchitecture */,
			);
			productName = PromovaTestTask;
			productReference = F798EFC72C3C3D0F00A3DF77 /* PromovaTestTask.app */;
			productType = "com.apple.product-type.application";
		};
/* End PBXNativeTarget section */

/* Begin PBXProject section */
		F798EFBF2C3C3D0F00A3DF77 /* Project object */ = {
			isa = PBXProject;
			attributes = {
				BuildIndependentTargetsInParallel = 1;
				LastSwiftUpdateCheck = 1540;
				LastUpgradeCheck = 1540;
				TargetAttributes = {
					F798EFC62C3C3D0F00A3DF77 = {
						CreatedOnToolsVersion = 15.4;
					};
				};
			};
			buildConfigurationList = F798EFC22C3C3D0F00A3DF77 /* Build configuration list for PBXProject "PromovaTestTask" */;
			compatibilityVersion = "Xcode 14.0";
			developmentRegion = en;
			hasScannedForEncodings = 0;
			knownRegions = (
				en,
				Base,
			);
			mainGroup = F798EFBE2C3C3D0F00A3DF77;
			packageReferences = (
				F72B452B2C3E6A12009CE4D9 /* XCRemoteSwiftPackageReference "swift-composable-architecture" */,
			);
			productRefGroup = F798EFC82C3C3D0F00A3DF77 /* Products */;
			projectDirPath = "";
			projectRoot = "";
			targets = (
				F798EFC62C3C3D0F00A3DF77 /* PromovaTestTask */,
			);
		};
/* End PBXProject section */

/* Begin PBXResourcesBuildPhase section */
		F798EFC52C3C3D0F00A3DF77 /* Resources */ = {
			isa = PBXResourcesBuildPhase;
			buildActionMask = 2147483647;
			files = (
				F72B45262C3DA77E009CE4D9 /* PTSans-Regular.ttf in Resources */,
				F798EFD22C3C3D1000A3DF77 /* Preview Assets.xcassets in Resources */,
				F798EFCF2C3C3D1000A3DF77 /* Assets.xcassets in Resources */,
			);
			runOnlyForDeploymentPostprocessing = 0;
		};
/* End PBXResourcesBuildPhase section */

/* Begin PBXSourcesBuildPhase section */
		F798EFC32C3C3D0F00A3DF77 /* Sources */ = {
			isa = PBXSourcesBuildPhase;
			buildActionMask = 2147483647;
			files = (
				F7220C9C2C3C504800DCC48E /* Font.swift in Sources */,
				F72B452F2C3E6BC4009CE4D9 /* CategoriesList.swift in Sources */,
				F798EFCD2C3C3D0F00A3DF77 /* CategoriesListView.swift in Sources */,
				F72B451E2C3D8E5F009CE4D9 /* View.swift in Sources */,
				F7220CAA2C3D053200DCC48E /* FactView.swift in Sources */,
				F7220C982C3C454000DCC48E /* CategoryRow.swift in Sources */,
				F7220CA32C3C572300DCC48E /* FallbackCase.swift in Sources */,
				F72B452A2C3E5C56009CE4D9 /* IfLetLandscape.swift in Sources */,
				F7220C9F2C3C56D500DCC48E /* CategoryStatus.swift in Sources */,
				F72B451C2C3D8DAE009CE4D9 /* UINavigationController.swift in Sources */,
				F7220CA72C3C5F2F00DCC48E /* IfLetShadow.swift in Sources */,
				F72B45312C3E7163009CE4D9 /* FactFeature.swift in Sources */,
				F72B45282C3E4EC9009CE4D9 /* DeviceOrientationObserver.swift in Sources */,
				F798EFCB2C3C3D0F00A3DF77 /* PromovaTestTaskApp.swift in Sources */,
			);
			runOnlyForDeploymentPostprocessing = 0;
		};
/* End PBXSourcesBuildPhase section */

/* Begin XCBuildConfiguration section */
		F798EFD32C3C3D1000A3DF77 /* Debug */ = {
			isa = XCBuildConfiguration;
			buildSettings = {
				ALWAYS_SEARCH_USER_PATHS = NO;
				ASSETCATALOG_COMPILER_GENERATE_SWIFT_ASSET_SYMBOL_EXTENSIONS = YES;
				CLANG_ANALYZER_NONNULL = YES;
				CLANG_ANALYZER_NUMBER_OBJECT_CONVERSION = YES_AGGRESSIVE;
				CLANG_CXX_LANGUAGE_STANDARD = "gnu++20";
				CLANG_ENABLE_MODULES = YES;
				CLANG_ENABLE_OBJC_ARC = YES;
				CLANG_ENABLE_OBJC_WEAK = YES;
				CLANG_WARN_BLOCK_CAPTURE_AUTORELEASING = YES;
				CLANG_WARN_BOOL_CONVERSION = YES;
				CLANG_WARN_COMMA = YES;
				CLANG_WARN_CONSTANT_CONVERSION = YES;
				CLANG_WARN_DEPRECATED_OBJC_IMPLEMENTATIONS = YES;
				CLANG_WARN_DIRECT_OBJC_ISA_USAGE = YES_ERROR;
				CLANG_WARN_DOCUMENTATION_COMMENTS = YES;
				CLANG_WARN_EMPTY_BODY = YES;
				CLANG_WARN_ENUM_CONVERSION = YES;
				CLANG_WARN_INFINITE_RECURSION = YES;
				CLANG_WARN_INT_CONVERSION = YES;
				CLANG_WARN_NON_LITERAL_NULL_CONVERSION = YES;
				CLANG_WARN_OBJC_IMPLICIT_RETAIN_SELF = YES;
				CLANG_WARN_OBJC_LITERAL_CONVERSION = YES;
				CLANG_WARN_OBJC_ROOT_CLASS = YES_ERROR;
				CLANG_WARN_QUOTED_INCLUDE_IN_FRAMEWORK_HEADER = YES;
				CLANG_WARN_RANGE_LOOP_ANALYSIS = YES;
				CLANG_WARN_STRICT_PROTOTYPES = YES;
				CLANG_WARN_SUSPICIOUS_MOVE = YES;
				CLANG_WARN_UNGUARDED_AVAILABILITY = YES_AGGRESSIVE;
				CLANG_WARN_UNREACHABLE_CODE = YES;
				CLANG_WARN__DUPLICATE_METHOD_MATCH = YES;
				COPY_PHASE_STRIP = NO;
				DEBUG_INFORMATION_FORMAT = dwarf;
				ENABLE_STRICT_OBJC_MSGSEND = YES;
				ENABLE_TESTABILITY = YES;
				ENABLE_USER_SCRIPT_SANDBOXING = YES;
				GCC_C_LANGUAGE_STANDARD = gnu17;
				GCC_DYNAMIC_NO_PIC = NO;
				GCC_NO_COMMON_BLOCKS = YES;
				GCC_OPTIMIZATION_LEVEL = 0;
				GCC_PREPROCESSOR_DEFINITIONS = (
					"DEBUG=1",
					"$(inherited)",
				);
				GCC_WARN_64_TO_32_BIT_CONVERSION = YES;
				GCC_WARN_ABOUT_RETURN_TYPE = YES_ERROR;
				GCC_WARN_UNDECLARED_SELECTOR = YES;
				GCC_WARN_UNINITIALIZED_AUTOS = YES_AGGRESSIVE;
				GCC_WARN_UNUSED_FUNCTION = YES;
				GCC_WARN_UNUSED_VARIABLE = YES;
				IPHONEOS_DEPLOYMENT_TARGET = 16.0;
				LOCALIZATION_PREFERS_STRING_CATALOGS = YES;
				MTL_ENABLE_DEBUG_INFO = INCLUDE_SOURCE;
				MTL_FAST_MATH = YES;
				ONLY_ACTIVE_ARCH = YES;
				SDKROOT = iphoneos;
				SWIFT_ACTIVE_COMPILATION_CONDITIONS = "DEBUG $(inherited)";
				SWIFT_OPTIMIZATION_LEVEL = "-Onone";
			};
			name = Debug;
		};
		F798EFD42C3C3D1000A3DF77 /* Release */ = {
			isa = XCBuildConfiguration;
			buildSettings = {
				ALWAYS_SEARCH_USER_PATHS = NO;
				ASSETCATALOG_COMPILER_GENERATE_SWIFT_ASSET_SYMBOL_EXTENSIONS = YES;
				CLANG_ANALYZER_NONNULL = YES;
				CLANG_ANALYZER_NUMBER_OBJECT_CONVERSION = YES_AGGRESSIVE;
				CLANG_CXX_LANGUAGE_STANDARD = "gnu++20";
				CLANG_ENABLE_MODULES = YES;
				CLANG_ENABLE_OBJC_ARC = YES;
				CLANG_ENABLE_OBJC_WEAK = YES;
				CLANG_WARN_BLOCK_CAPTURE_AUTORELEASING = YES;
				CLANG_WARN_BOOL_CONVERSION = YES;
				CLANG_WARN_COMMA = YES;
				CLANG_WARN_CONSTANT_CONVERSION = YES;
				CLANG_WARN_DEPRECATED_OBJC_IMPLEMENTATIONS = YES;
				CLANG_WARN_DIRECT_OBJC_ISA_USAGE = YES_ERROR;
				CLANG_WARN_DOCUMENTATION_COMMENTS = YES;
				CLANG_WARN_EMPTY_BODY = YES;
				CLANG_WARN_ENUM_CONVERSION = YES;
				CLANG_WARN_INFINITE_RECURSION = YES;
				CLANG_WARN_INT_CONVERSION = YES;
				CLANG_WARN_NON_LITERAL_NULL_CONVERSION = YES;
				CLANG_WARN_OBJC_IMPLICIT_RETAIN_SELF = YES;
				CLANG_WARN_OBJC_LITERAL_CONVERSION = YES;
				CLANG_WARN_OBJC_ROOT_CLASS = YES_ERROR;
				CLANG_WARN_QUOTED_INCLUDE_IN_FRAMEWORK_HEADER = YES;
				CLANG_WARN_RANGE_LOOP_ANALYSIS = YES;
				CLANG_WARN_STRICT_PROTOTYPES = YES;
				CLANG_WARN_SUSPICIOUS_MOVE = YES;
				CLANG_WARN_UNGUARDED_AVAILABILITY = YES_AGGRESSIVE;
				CLANG_WARN_UNREACHABLE_CODE = YES;
				CLANG_WARN__DUPLICATE_METHOD_MATCH = YES;
				COPY_PHASE_STRIP = NO;
				DEBUG_INFORMATION_FORMAT = "dwarf-with-dsym";
				ENABLE_NS_ASSERTIONS = NO;
				ENABLE_STRICT_OBJC_MSGSEND = YES;
				ENABLE_USER_SCRIPT_SANDBOXING = YES;
				GCC_C_LANGUAGE_STANDARD = gnu17;
				GCC_NO_COMMON_BLOCKS = YES;
				GCC_WARN_64_TO_32_BIT_CONVERSION = YES;
				GCC_WARN_ABOUT_RETURN_TYPE = YES_ERROR;
				GCC_WARN_UNDECLARED_SELECTOR = YES;
				GCC_WARN_UNINITIALIZED_AUTOS = YES_AGGRESSIVE;
				GCC_WARN_UNUSED_FUNCTION = YES;
				GCC_WARN_UNUSED_VARIABLE = YES;
				IPHONEOS_DEPLOYMENT_TARGET = 16.0;
				LOCALIZATION_PREFERS_STRING_CATALOGS = YES;
				MTL_ENABLE_DEBUG_INFO = NO;
				MTL_FAST_MATH = YES;
				SDKROOT = iphoneos;
				SWIFT_COMPILATION_MODE = wholemodule;
				VALIDATE_PRODUCT = YES;
			};
			name = Release;
		};
		F798EFD62C3C3D1000A3DF77 /* Debug */ = {
			isa = XCBuildConfiguration;
			buildSettings = {
				ASSETCATALOG_COMPILER_APPICON_NAME = AppIcon;
				ASSETCATALOG_COMPILER_GLOBAL_ACCENT_COLOR_NAME = AccentColor;
				CODE_SIGN_STYLE = Automatic;
				CURRENT_PROJECT_VERSION = 1;
				DEVELOPMENT_ASSET_PATHS = "\"PromovaTestTask/Preview Content\"";
				DEVELOPMENT_TEAM = 3S8AVD2TKW;
				ENABLE_PREVIEWS = YES;
				GENERATE_INFOPLIST_FILE = YES;
				INFOPLIST_FILE = PromovaTestTask/Resources/Info.plist;
				INFOPLIST_KEY_UIApplicationSceneManifest_Generation = YES;
				INFOPLIST_KEY_UIApplicationSupportsIndirectInputEvents = YES;
				INFOPLIST_KEY_UILaunchScreen_Generation = YES;
				INFOPLIST_KEY_UISupportedInterfaceOrientations = "UIInterfaceOrientationLandscapeLeft UIInterfaceOrientationLandscapeRight UIInterfaceOrientationPortrait";
				INFOPLIST_KEY_UISupportedInterfaceOrientations_iPad = "UIInterfaceOrientationLandscapeLeft UIInterfaceOrientationLandscapeRight UIInterfaceOrientationPortrait UIInterfaceOrientationPortraitUpsideDown";
				IPHONEOS_DEPLOYMENT_TARGET = 16.0;
				LD_RUNPATH_SEARCH_PATHS = (
					"$(inherited)",
					"@executable_path/Frameworks",
				);
				MARKETING_VERSION = 1.0;
				PRODUCT_BUNDLE_IDENTIFIER = com.promovatesttask.app.PromovaTestTask;
				PRODUCT_NAME = "$(TARGET_NAME)";
				SUPPORTED_PLATFORMS = "iphoneos iphonesimulator";
				SUPPORTS_MACCATALYST = NO;
				SUPPORTS_MAC_DESIGNED_FOR_IPHONE_IPAD = NO;
				SUPPORTS_XR_DESIGNED_FOR_IPHONE_IPAD = NO;
				SWIFT_EMIT_LOC_STRINGS = YES;
				SWIFT_VERSION = 5.0;
				TARGETED_DEVICE_FAMILY = 1;
			};
			name = Debug;
		};
		F798EFD72C3C3D1000A3DF77 /* Release */ = {
			isa = XCBuildConfiguration;
			buildSettings = {
				ASSETCATALOG_COMPILER_APPICON_NAME = AppIcon;
				ASSETCATALOG_COMPILER_GLOBAL_ACCENT_COLOR_NAME = AccentColor;
				CODE_SIGN_STYLE = Automatic;
				CURRENT_PROJECT_VERSION = 1;
				DEVELOPMENT_ASSET_PATHS = "\"PromovaTestTask/Preview Content\"";
				DEVELOPMENT_TEAM = 3S8AVD2TKW;
				ENABLE_PREVIEWS = YES;
				GENERATE_INFOPLIST_FILE = YES;
				INFOPLIST_FILE = PromovaTestTask/Resources/Info.plist;
				INFOPLIST_KEY_UIApplicationSceneManifest_Generation = YES;
				INFOPLIST_KEY_UIApplicationSupportsIndirectInputEvents = YES;
				INFOPLIST_KEY_UILaunchScreen_Generation = YES;
				INFOPLIST_KEY_UISupportedInterfaceOrientations = "UIInterfaceOrientationLandscapeLeft UIInterfaceOrientationLandscapeRight UIInterfaceOrientationPortrait";
				INFOPLIST_KEY_UISupportedInterfaceOrientations_iPad = "UIInterfaceOrientationLandscapeLeft UIInterfaceOrientationLandscapeRight UIInterfaceOrientationPortrait UIInterfaceOrientationPortraitUpsideDown";
				IPHONEOS_DEPLOYMENT_TARGET = 16.0;
				LD_RUNPATH_SEARCH_PATHS = (
					"$(inherited)",
					"@executable_path/Frameworks",
				);
				MARKETING_VERSION = 1.0;
				PRODUCT_BUNDLE_IDENTIFIER = com.promovatesttask.app.PromovaTestTask;
				PRODUCT_NAME = "$(TARGET_NAME)";
				SUPPORTED_PLATFORMS = "iphoneos iphonesimulator";
				SUPPORTS_MACCATALYST = NO;
				SUPPORTS_MAC_DESIGNED_FOR_IPHONE_IPAD = NO;
				SUPPORTS_XR_DESIGNED_FOR_IPHONE_IPAD = NO;
				SWIFT_EMIT_LOC_STRINGS = YES;
				SWIFT_VERSION = 5.0;
				TARGETED_DEVICE_FAMILY = 1;
			};
			name = Release;
		};
/* End XCBuildConfiguration section */

/* Begin XCConfigurationList section */
		F798EFC22C3C3D0F00A3DF77 /* Build configuration list for PBXProject "PromovaTestTask" */ = {
			isa = XCConfigurationList;
			buildConfigurations = (
				F798EFD32C3C3D1000A3DF77 /* Debug */,
				F798EFD42C3C3D1000A3DF77 /* Release */,
			);
			defaultConfigurationIsVisible = 0;
			defaultConfigurationName = Release;
		};
		F798EFD52C3C3D1000A3DF77 /* Build configuration list for PBXNativeTarget "PromovaTestTask" */ = {
			isa = XCConfigurationList;
			buildConfigurations = (
				F798EFD62C3C3D1000A3DF77 /* Debug */,
				F798EFD72C3C3D1000A3DF77 /* Release */,
			);
			defaultConfigurationIsVisible = 0;
			defaultConfigurationName = Release;
		};
/* End XCConfigurationList section */

/* Begin XCRemoteSwiftPackageReference section */
		F72B452B2C3E6A12009CE4D9 /* XCRemoteSwiftPackageReference "swift-composable-architecture" */ = {
			isa = XCRemoteSwiftPackageReference;
			repositoryURL = "https://github.com/pointfreeco/swift-composable-architecture";
			requirement = {
				kind = upToNextMajorVersion;
				minimumVersion = 1.11.2;
			};
		};
/* End XCRemoteSwiftPackageReference section */

/* Begin XCSwiftPackageProductDependency section */
		F72B452C2C3E6A12009CE4D9 /* ComposableArchitecture */ = {
			isa = XCSwiftPackageProductDependency;
			package = F72B452B2C3E6A12009CE4D9 /* XCRemoteSwiftPackageReference "swift-composable-architecture" */;
			productName = ComposableArchitecture;
		};
/* End XCSwiftPackageProductDependency section */
	};
	rootObject = F798EFBF2C3C3D0F00A3DF77 /* Project object */;
}
